DedupReads/A_aln_marked.bam.bai
resources/Aus0004.fasta.fai
freebayes/A_raw.vcf
DedupReads/A_aln_marked.bam
mapped/A_aln_sort.bam
trimmed/A_R1_001.fastq.gz
trimmed/A_R2_001.fastq.gz
trimmed/A_R1_unpaired.fastq.gz
trimmed/A_R2_unpaired.fastq.gz
resources/Aus0004.fasta.1.bt2
/scratch/esnitkin_root/esnitkin/apirani/Project_VRE_metagenomics_analysis/2021_06_25_LDV_Simulation/Simulated_data/test_data/A_R1_001.fastq.gz
/scratch/esnitkin_root/esnitkin/apirani/Project_VRE_metagenomics_analysis/2021_06_25_LDV_Simulation/Simulated_data/test_data/A_R2_001.fastq.gz
resources/Aus0004.fasta
resources/Aus0004.fasta
DedupReads/A_aln_marked.bam
resources/Aus0004.fasta.fai
resources/Aus0004.fasta
